
Microsoft Visual Studio Solution File, Format Version 12.00
# Visual Studio 15
VisualStudioVersion = 15.0.28307.168
MinimumVisualStudioVersion = 10.0.40219.1
Project("{9A19103F-16F7-4668-BE54-9A1E7A4F7556}") = "HomeController", "ChatController\HomeController.csproj", "{11F6D2CE-C662-40F6-944A-AAA48403168D}"
EndProject
Project("{9A19103F-16F7-4668-BE54-9A1E7A4F7556}") = "Domain", "Core\Domain.csproj", "{E8A942E7-83B7-43CE-A8B9-0C9CF2C19DC1}"
EndProject
Project("{9A19103F-16F7-4668-BE54-9A1E7A4F7556}") = "Plugins", "Plugins\Plugins.csproj", "{BF68C174-B80F-421F-8A67-51595A293673}"
EndProject
Global
	GlobalSection(SolutionConfigurationPlatforms) = preSolution
		Debug|Any CPU = Debug|Any CPU
		Release|Any CPU = Release|Any CPU
	EndGlobalSection
	GlobalSection(ProjectConfigurationPlatforms) = postSolution
		{11F6D2CE-C662-40F6-944A-AAA48403168D}.Debug|Any CPU.ActiveCfg = Debug|Any CPU
		{11F6D2CE-C662-40F6-944A-AAA48403168D}.Debug|Any CPU.Build.0 = Debug|Any CPU
		{11F6D2CE-C662-40F6-944A-AAA48403168D}.Release|Any CPU.ActiveCfg = Release|Any CPU
		{11F6D2CE-C662-40F6-944A-AAA48403168D}.Release|Any CPU.Build.0 = Release|Any CPU
		{E8A942E7-83B7-43CE-A8B9-0C9CF2C19DC1}.Debug|Any CPU.ActiveCfg = Debug|Any CPU
		{E8A942E7-83B7-43CE-A8B9-0C9CF2C19DC1}.Debug|Any CPU.Build.0 = Debug|Any CPU
		{E8A942E7-83B7-43CE-A8B9-0C9CF2C19DC1}.Release|Any CPU.ActiveCfg = Release|Any CPU
		{E8A942E7-83B7-43CE-A8B9-0C9CF2C19DC1}.Release|Any CPU.Build.0 = Release|Any CPU
		{BF68C174-B80F-421F-8A67-51595A293673}.Debug|Any CPU.ActiveCfg = Debug|Any CPU
		{BF68C174-B80F-421F-8A67-51595A293673}.Debug|Any CPU.Build.0 = Debug|Any CPU
		{BF68C174-B80F-421F-8A67-51595A293673}.Release|Any CPU.ActiveCfg = Release|Any CPU
		{BF68C174-B80F-421F-8A67-51595A293673}.Release|Any CPU.Build.0 = Release|Any CPU
	EndGlobalSection
	GlobalSection(SolutionProperties) = preSolution
		HideSolutionNode = FALSE
	EndGlobalSection
	GlobalSection(ExtensibilityGlobals) = postSolution
		SolutionGuid = {480ADEC1-9374-40C6-BDAE-43A969B10143}
	EndGlobalSection
EndGlobal
